Microsoft Visual Studio Solution File, Format Version 11.00
# Visual Studio 2010
Project("{E24C65DC-7377-472B-9ABA-BC803B73C61A}") = "Infragistics.Web.AspNET", "Infragistics.Web.AspNET", "{9C94AA74-112B-4DED-8C88-1D94A3C5E2BF}"
	ProjectSection(WebsiteProperties) = preProject
		SccProjectName\s*=\s*""
		SccAuxPath\s*=\s*""
		SccLocalPath\s*=\s*""
		SccProvider\s*=\s*""
		TargetFrameworkMoniker = ".NETFramework,Version%3Dv4.0"
		Debug.AspNetCompiler.VirtualPath = "/Infragistics.Web.AspNET"
		Debug.AspNetCompiler.PhysicalPath = "Infragistics.Web.AspNET\"
		Debug.AspNetCompiler.TargetPath = "PrecompiledWeb\Infragistics.Web.AspNET\"
		Debug.AspNetCompiler.Updateable = "true"
		Debug.AspNetCompiler.ForceOverwrite = "true"
		Debug.AspNetCompiler.FixedNames = "false"
		Debug.AspNetCompiler.Debug = "True"
		Release.AspNetCompiler.VirtualPath = "/Infragistics.Web.AspNET"
		Release.AspNetCompiler.PhysicalPath = "Infragistics.Web.AspNET\"
		Release.AspNetCompiler.TargetPath = "PrecompiledWeb\Infragistics.Web.AspNET\"
		Release.AspNetCompiler.Updateable = "true"
		Release.AspNetCompiler.ForceOverwrite = "true"
		Release.AspNetCompiler.FixedNames = "false"
		Release.AspNetCompiler.Debug = "False"
		VWDPort = "20200"
		VWDVirtualPath = "/SamplesBrowser"
	EndProjectSection
EndProject
Global
	 
	GlobalSection(SolutionConfigurationPlatforms) = preSolution
		Debug|Any CPU = Debug|Any CPU
		Release|Any CPU = Release|Any CPU
	EndGlobalSection
	GlobalSection(ProjectConfigurationPlatforms) = postSolution
		{9C94AA74-112B-4DED-8C88-1D94A3C5E2BF}.Debug|Any CPU.ActiveCfg = Debug|Any CPU
		{9C94AA74-112B-4DED-8C88-1D94A3C5E2BF}.Debug|Any CPU.Build.0 = Debug|Any CPU
		{9C94AA74-112B-4DED-8C88-1D94A3C5E2BF}.Release|Any CPU.ActiveCfg = Debug|Any CPU
		{9C94AA74-112B-4DED-8C88-1D94A3C5E2BF}.Release|Any CPU.Build.0 = Debug|Any CPU
	EndGlobalSection
	GlobalSection(SolutionProperties) = preSolution
		HideSolutionNode = FALSE
	EndGlobalSection
EndGlobal
